
Microsoft Visual Studio Solution File, Format Version 12.00
# Visual Studio Version 17
VisualStudioVersion = 17.5.002.0
MinimumVisualStudioVersion = 10.0.40219.1
Project("{2150E333-8FDC-42A3-9474-1A3956D46DE8}") = "csharp-prep", "csharp-prep", "{2C7452DC-82B5-4BFD-8C42-F0C726B75A1C}"
EndProject
Project("{9A19103F-16F7-4668-BE54-9A1E7A4F7556}") = "Prep1", "csharp-prep\Prep1\Prep1.csproj", "{852F8830-17FD-44DF-B8DA-8BF128A8D128}"
EndProject
Project("{9A19103F-16F7-4668-BE54-9A1E7A4F7556}") = "Prep2", "csharp-prep\Prep2\Prep2.csproj", "{AD90E587-1559-4D4A-A274-6366F50693A8}"
EndProject
Project("{9A19103F-16F7-4668-BE54-9A1E7A4F7556}") = "Prep3", "csharp-prep\Prep3\Prep3.csproj", "{C9D990CE-DFA2-4DA8-A23C-8C95FB7BDF6F}"
EndProject
Project("{9A19103F-16F7-4668-BE54-9A1E7A4F7556}") = "Prep4", "csharp-prep\Prep4\Prep4.csproj", "{7D5B38AC-7227-40D2-A4DC-94C06FDF9138}"
EndProject
Project("{9A19103F-16F7-4668-BE54-9A1E7A4F7556}") = "Prep5", "csharp-prep\Prep5\Prep5.csproj", "{E80D7C53-023B-4AF8-B5BE-061A920AD702}"
EndProject
Project("{2150E333-8FDC-42A3-9474-1A3956D46DE8}") = "final", "final", "{54B600AB-D8E4-4BF2-B831-09F9B0FAAAD4}"
EndProject
Project("{9A19103F-16F7-4668-BE54-9A1E7A4F7556}") = "FinalProject", "final\FinalProject\FinalProject.csproj", "{28770289-20E4-464E-86B3-1A4145FFD574}"
EndProject
Project("{9A19103F-16F7-4668-BE54-9A1E7A4F7556}") = "Foundation1", "final\Foundation1\Foundation1.csproj", "{CC8A16AE-E528-4282-9BE3-1369A77E551A}"
EndProject
Project("{9A19103F-16F7-4668-BE54-9A1E7A4F7556}") = "Foundation2", "final\Foundation2\Foundation2.csproj", "{EED59491-D50E-44CD-A829-2201ACAD854B}"
EndProject
Project("{9A19103F-16F7-4668-BE54-9A1E7A4F7556}") = "Foundation3", "final\Foundation3\Foundation3.csproj", "{4FAB3332-85F4-4FE9-B9B7-03CDF2EC90C2}"
EndProject
Project("{9A19103F-16F7-4668-BE54-9A1E7A4F7556}") = "Foundation4", "final\Foundation4\Foundation4.csproj", "{37F34234-FFAD-4225-9FDA-C9AD740FDCB8}"
EndProject
Project("{2150E333-8FDC-42A3-9474-1A3956D46DE8}") = "prepare", "prepare", "{8DE940D6-1FDE-4AC4-8908-E47891B30082}"
EndProject
Project("{9A19103F-16F7-4668-BE54-9A1E7A4F7556}") = "Learning02", "prepare\Learning02\Learning02.csproj", "{9A6DF1F4-C071-49FC-84A4-A2627470464E}"
EndProject
Project("{9A19103F-16F7-4668-BE54-9A1E7A4F7556}") = "Learning03", "prepare\Learning03\Learning03.csproj", "{2913DBC2-B038-412F-AE8B-35DACFCA6EBF}"
EndProject
Project("{9A19103F-16F7-4668-BE54-9A1E7A4F7556}") = "Learning04", "prepare\Learning04\Learning04.csproj", "{EA2D5B70-7641-427D-842C-0598762B77B6}"
EndProject
Project("{9A19103F-16F7-4668-BE54-9A1E7A4F7556}") = "Learning05", "prepare\Learning05\Learning05.csproj", "{9041B00B-A07E-4EE7-9B07-AD18A11FA88B}"
EndProject
Project("{2150E333-8FDC-42A3-9474-1A3956D46DE8}") = "prove", "prove", "{3542A6E5-1591-4528-B086-86FD86559983}"
EndProject
Project("{9A19103F-16F7-4668-BE54-9A1E7A4F7556}") = "Develop02", "prove\Develop02\Develop02.csproj", "{3B9769F2-1A7C-444B-ABAC-B0FE66BD518D}"
EndProject
Project("{9A19103F-16F7-4668-BE54-9A1E7A4F7556}") = "Develop03", "prove\Develop03\Develop03.csproj", "{FAC4413D-49CC-41D4-BDDF-1CF564D1AFF8}"
EndProject
Project("{9A19103F-16F7-4668-BE54-9A1E7A4F7556}") = "Develop04", "prove\Develop04\Develop04.csproj", "{19729FA7-4019-41C8-A8A3-069EEF1090E8}"
EndProject
Project("{9A19103F-16F7-4668-BE54-9A1E7A4F7556}") = "Develop05", "prove\Develop05\Develop05.csproj", "{02177D87-5379-4515-BA25-F16463D1DD4B}"
EndProject
Project("{2150E333-8FDC-42A3-9474-1A3956D46DE8}") = "sandbox", "sandbox", "{87387373-5F19-47AF-9D38-4F03C7A4CA5C}"
EndProject
Project("{9A19103F-16F7-4668-BE54-9A1E7A4F7556}") = "Sandbox", "sandbox\Sandbox\Sandbox.csproj", "{2D8BFBA7-EFCD-4B03-95A6-DADF4752DB03}"
EndProject
Global
	GlobalSection(SolutionConfigurationPlatforms) = preSolution
		Debug|Any CPU = Debug|Any CPU
		Release|Any CPU = Release|Any CPU
	EndGlobalSection
	GlobalSection(ProjectConfigurationPlatforms) = postSolution
		{852F8830-17FD-44DF-B8DA-8BF128A8D128}.Debug|Any CPU.ActiveCfg = Debug|Any CPU
		{852F8830-17FD-44DF-B8DA-8BF128A8D128}.Debug|Any CPU.Build.0 = Debug|Any CPU
		{852F8830-17FD-44DF-B8DA-8BF128A8D128}.Release|Any CPU.ActiveCfg = Release|Any CPU
		{852F8830-17FD-44DF-B8DA-8BF128A8D128}.Release|Any CPU.Build.0 = Release|Any CPU
		{AD90E587-1559-4D4A-A274-6366F50693A8}.Debug|Any CPU.ActiveCfg = Debug|Any CPU
		{AD90E587-1559-4D4A-A274-6366F50693A8}.Debug|Any CPU.Build.0 = Debug|Any CPU
		{AD90E587-1559-4D4A-A274-6366F50693A8}.Release|Any CPU.ActiveCfg = Release|Any CPU
		{AD90E587-1559-4D4A-A274-6366F50693A8}.Release|Any CPU.Build.0 = Release|Any CPU
		{C9D990CE-DFA2-4DA8-A23C-8C95FB7BDF6F}.Debug|Any CPU.ActiveCfg = Debug|Any CPU
		{C9D990CE-DFA2-4DA8-A23C-8C95FB7BDF6F}.Debug|Any CPU.Build.0 = Debug|Any CPU
		{C9D990CE-DFA2-4DA8-A23C-8C95FB7BDF6F}.Release|Any CPU.ActiveCfg = Release|Any CPU
		{C9D990CE-DFA2-4DA8-A23C-8C95FB7BDF6F}.Release|Any CPU.Build.0 = Release|Any CPU
		{7D5B38AC-7227-40D2-A4DC-94C06FDF9138}.Debug|Any CPU.ActiveCfg = Debug|Any CPU
		{7D5B38AC-7227-40D2-A4DC-94C06FDF9138}.Debug|Any CPU.Build.0 = Debug|Any CPU
		{7D5B38AC-7227-40D2-A4DC-94C06FDF9138}.Release|Any CPU.ActiveCfg = Release|Any CPU
		{7D5B38AC-7227-40D2-A4DC-94C06FDF9138}.Release|Any CPU.Build.0 = Release|Any CPU
		{E80D7C53-023B-4AF8-B5BE-061A920AD702}.Debug|Any CPU.ActiveCfg = Debug|Any CPU
		{E80D7C53-023B-4AF8-B5BE-061A920AD702}.Debug|Any CPU.Build.0 = Debug|Any CPU
		{E80D7C53-023B-4AF8-B5BE-061A920AD702}.Release|Any CPU.ActiveCfg = Release|Any CPU
		{E80D7C53-023B-4AF8-B5BE-061A920AD702}.Release|Any CPU.Build.0 = Release|Any CPU
		{28770289-20E4-464E-86B3-1A4145FFD574}.Debug|Any CPU.ActiveCfg = Debug|Any CPU
		{28770289-20E4-464E-86B3-1A4145FFD574}.Debug|Any CPU.Build.0 = Debug|Any CPU
		{28770289-20E4-464E-86B3-1A4145FFD574}.Release|Any CPU.ActiveCfg = Release|Any CPU
		{28770289-20E4-464E-86B3-1A4145FFD574}.Release|Any CPU.Build.0 = Release|Any CPU
		{CC8A16AE-E528-4282-9BE3-1369A77E551A}.Debug|Any CPU.ActiveCfg = Debug|Any CPU
		{CC8A16AE-E528-4282-9BE3-1369A77E551A}.Debug|Any CPU.Build.0 = Debug|Any CPU
		{CC8A16AE-E528-4282-9BE3-1369A77E551A}.Release|Any CPU.ActiveCfg = Release|Any CPU
		{CC8A16AE-E528-4282-9BE3-1369A77E551A}.Release|Any CPU.Build.0 = Release|Any CPU
		{EED59491-D50E-44CD-A829-2201ACAD854B}.Debug|Any CPU.ActiveCfg = Debug|Any CPU
		{EED59491-D50E-44CD-A829-2201ACAD854B}.Debug|Any CPU.Build.0 = Debug|Any CPU
		{EED59491-D50E-44CD-A829-2201ACAD854B}.Release|Any CPU.ActiveCfg = Release|Any CPU
		{EED59491-D50E-44CD-A829-2201ACAD854B}.Release|Any CPU.Build.0 = Release|Any CPU
		{4FAB3332-85F4-4FE9-B9B7-03CDF2EC90C2}.Debug|Any CPU.ActiveCfg = Debug|Any CPU
		{4FAB3332-85F4-4FE9-B9B7-03CDF2EC90C2}.Debug|Any CPU.Build.0 = Debug|Any CPU
		{4FAB3332-85F4-4FE9-B9B7-03CDF2EC90C2}.Release|Any CPU.ActiveCfg = Release|Any CPU
		{4FAB3332-85F4-4FE9-B9B7-03CDF2EC90C2}.Release|Any CPU.Build.0 = Release|Any CPU
		{37F34234-FFAD-4225-9FDA-C9AD740FDCB8}.Debug|Any CPU.ActiveCfg = Debug|Any CPU
		{37F34234-FFAD-4225-9FDA-C9AD740FDCB8}.Debug|Any CPU.Build.0 = Debug|Any CPU
		{37F34234-FFAD-4225-9FDA-C9AD740FDCB8}.Release|Any CPU.ActiveCfg = Release|Any CPU
		{37F34234-FFAD-4225-9FDA-C9AD740FDCB8}.Release|Any CPU.Build.0 = Release|Any CPU
		{9A6DF1F4-C071-49FC-84A4-A2627470464E}.Debug|Any CPU.ActiveCfg = Debug|Any CPU
		{9A6DF1F4-C071-49FC-84A4-A2627470464E}.Debug|Any CPU.Build.0 = Debug|Any CPU
		{9A6DF1F4-C071-49FC-84A4-A2627470464E}.Release|Any CPU.ActiveCfg = Release|Any CPU
		{9A6DF1F4-C071-49FC-84A4-A2627470464E}.Release|Any CPU.Build.0 = Release|Any CPU
		{2913DBC2-B038-412F-AE8B-35DACFCA6EBF}.Debug|Any CPU.ActiveCfg = Debug|Any CPU
		{2913DBC2-B038-412F-AE8B-35DACFCA6EBF}.Debug|Any CPU.Build.0 = Debug|Any CPU
		{2913DBC2-B038-412F-AE8B-35DACFCA6EBF}.Release|Any CPU.ActiveCfg = Release|Any CPU
		{2913DBC2-B038-412F-AE8B-35DACFCA6EBF}.Release|Any CPU.Build.0 = Release|Any CPU
		{EA2D5B70-7641-427D-842C-0598762B77B6}.Debug|Any CPU.ActiveCfg = Debug|Any CPU
		{EA2D5B70-7641-427D-842C-0598762B77B6}.Debug|Any CPU.Build.0 = Debug|Any CPU
		{EA2D5B70-7641-427D-842C-0598762B77B6}.Release|Any CPU.ActiveCfg = Release|Any CPU
		{EA2D5B70-7641-427D-842C-0598762B77B6}.Release|Any CPU.Build.0 = Release|Any CPU
		{9041B00B-A07E-4EE7-9B07-AD18A11FA88B}.Debug|Any CPU.ActiveCfg = Debug|Any CPU
		{9041B00B-A07E-4EE7-9B07-AD18A11FA88B}.Debug|Any CPU.Build.0 = Debug|Any CPU
		{9041B00B-A07E-4EE7-9B07-AD18A11FA88B}.Release|Any CPU.ActiveCfg = Release|Any CPU
		{9041B00B-A07E-4EE7-9B07-AD18A11FA88B}.Release|Any CPU.Build.0 = Release|Any CPU
		{3B9769F2-1A7C-444B-ABAC-B0FE66BD518D}.Debug|Any CPU.ActiveCfg = Debug|Any CPU
		{3B9769F2-1A7C-444B-ABAC-B0FE66BD518D}.Debug|Any CPU.Build.0 = Debug|Any CPU
		{3B9769F2-1A7C-444B-ABAC-B0FE66BD518D}.Release|Any CPU.ActiveCfg = Release|Any CPU
		{3B9769F2-1A7C-444B-ABAC-B0FE66BD518D}.Release|Any CPU.Build.0 = Release|Any CPU
		{FAC4413D-49CC-41D4-BDDF-1CF564D1AFF8}.Debug|Any CPU.ActiveCfg = Debug|Any CPU
		{FAC4413D-49CC-41D4-BDDF-1CF564D1AFF8}.Debug|Any CPU.Build.0 = Debug|Any CPU
		{FAC4413D-49CC-41D4-BDDF-1CF564D1AFF8}.Release|Any CPU.ActiveCfg = Release|Any CPU
		{FAC4413D-49CC-41D4-BDDF-1CF564D1AFF8}.Release|Any CPU.Build.0 = Release|Any CPU
		{19729FA7-4019-41C8-A8A3-069EEF1090E8}.Debug|Any CPU.ActiveCfg = Debug|Any CPU
		{19729FA7-4019-41C8-A8A3-069EEF1090E8}.Debug|Any CPU.Build.0 = Debug|Any CPU
		{19729FA7-4019-41C8-A8A3-069EEF1090E8}.Release|Any CPU.ActiveCfg = Release|Any CPU
		{19729FA7-4019-41C8-A8A3-069EEF1090E8}.Release|Any CPU.Build.0 = Release|Any CPU
		{02177D87-5379-4515-BA25-F16463D1DD4B}.Debug|Any CPU.ActiveCfg = Debug|Any CPU
		{02177D87-5379-4515-BA25-F16463D1DD4B}.Debug|Any CPU.Build.0 = Debug|Any CPU
		{02177D87-5379-4515-BA25-F16463D1DD4B}.Release|Any CPU.ActiveCfg = Release|Any CPU
		{02177D87-5379-4515-BA25-F16463D1DD4B}.Release|Any CPU.Build.0 = Release|Any CPU
		{2D8BFBA7-EFCD-4B03-95A6-DADF4752DB03}.Debug|Any CPU.ActiveCfg = Debug|Any CPU
		{2D8BFBA7-EFCD-4B03-95A6-DADF4752DB03}.Debug|Any CPU.Build.0 = Debug|Any CPU
		{2D8BFBA7-EFCD-4B03-95A6-DADF4752DB03}.Release|Any CPU.ActiveCfg = Release|Any CPU
		{2D8BFBA7-EFCD-4B03-95A6-DADF4752DB03}.Release|Any CPU.Build.0 = Release|Any CPU
	EndGlobalSection
	GlobalSection(SolutionProperties) = preSolution
		HideSolutionNode = FALSE
	EndGlobalSection
	GlobalSection(NestedProjects) = preSolution
		{852F8830-17FD-44DF-B8DA-8BF128A8D128} = {2C7452DC-82B5-4BFD-8C42-F0C726B75A1C}
		{AD90E587-1559-4D4A-A274-6366F50693A8} = {2C7452DC-82B5-4BFD-8C42-F0C726B75A1C}
		{C9D990CE-DFA2-4DA8-A23C-8C95FB7BDF6F} = {2C7452DC-82B5-4BFD-8C42-F0C726B75A1C}
		{7D5B38AC-7227-40D2-A4DC-94C06FDF9138} = {2C7452DC-82B5-4BFD-8C42-F0C726B75A1C}
		{E80D7C53-023B-4AF8-B5BE-061A920AD702} = {2C7452DC-82B5-4BFD-8C42-F0C726B75A1C}
		{28770289-20E4-464E-86B3-1A4145FFD574} = {54B600AB-D8E4-4BF2-B831-09F9B0FAAAD4}
		{CC8A16AE-E528-4282-9BE3-1369A77E551A} = {54B600AB-D8E4-4BF2-B831-09F9B0FAAAD4}
		{EED59491-D50E-44CD-A829-2201ACAD854B} = {54B600AB-D8E4-4BF2-B831-09F9B0FAAAD4}
		{4FAB3332-85F4-4FE9-B9B7-03CDF2EC90C2} = {54B600AB-D8E4-4BF2-B831-09F9B0FAAAD4}
		{37F34234-FFAD-4225-9FDA-C9AD740FDCB8} = {54B600AB-D8E4-4BF2-B831-09F9B0FAAAD4}
		{9A6DF1F4-C071-49FC-84A4-A2627470464E} = {8DE940D6-1FDE-4AC4-8908-E47891B30082}
		{2913DBC2-B038-412F-AE8B-35DACFCA6EBF} = {8DE940D6-1FDE-4AC4-8908-E47891B30082}
		{EA2D5B70-7641-427D-842C-0598762B77B6} = {8DE940D6-1FDE-4AC4-8908-E47891B30082}
		{9041B00B-A07E-4EE7-9B07-AD18A11FA88B} = {8DE940D6-1FDE-4AC4-8908-E47891B30082}
		{3B9769F2-1A7C-444B-ABAC-B0FE66BD518D} = {3542A6E5-1591-4528-B086-86FD86559983}
		{FAC4413D-49CC-41D4-BDDF-1CF564D1AFF8} = {3542A6E5-1591-4528-B086-86FD86559983}
		{19729FA7-4019-41C8-A8A3-069EEF1090E8} = {3542A6E5-1591-4528-B086-86FD86559983}
		{02177D87-5379-4515-BA25-F16463D1DD4B} = {3542A6E5-1591-4528-B086-86FD86559983}
		{2D8BFBA7-EFCD-4B03-95A6-DADF4752DB03} = {87387373-5F19-47AF-9D38-4F03C7A4CA5C}
	EndGlobalSection
	GlobalSection(ExtensibilityGlobals) = postSolution
		SolutionGuid = {A35F446D-C855-4E23-8A63-DEFC28E22B23}
	EndGlobalSection
EndGlobal
